Microsoft Visual Studio Solution File, Format Version 12.00
# Visual Studio Version 17
VisualStudioVersion = 17.5.2.0
MinimumVisualStudioVersion = 10.0.40219.1
Project("{FAE04EC0-301F-11D3-BF4B-00C04F79EFBC}") = "MiWebApp", "MiWebApp.csproj", "{5CD9F155-674A-6C49-E5F6-8959B853EE5B}"
EndProject
Global
	GlobalSection(SolutionConfigurationPlatforms) = preSolution
		Debug|Any CPU = Debug|Any CPU
		Release|Any CPU = Release|Any CPU
	EndGlobalSection
	GlobalSection(ProjectConfigurationPlatforms) = postSolution
		{5CD9F155-674A-6C49-E5F6-8959B853EE5B}.Debug|Any CPU.ActiveCfg = Debug|Any CPU
		{5CD9F155-674A-6C49-E5F6-8959B853EE5B}.Debug|Any CPU.Build.0 = Debug|Any CPU
		{5CD9F155-674A-6C49-E5F6-8959B853EE5B}.Release|Any CPU.ActiveCfg = Release|Any CPU
		{5CD9F155-674A-6C49-E5F6-8959B853EE5B}.Release|Any CPU.Build.0 = Release|Any CPU
	EndGlobalSection
	GlobalSection(SolutionProperties) = preSolution
		HideSolutionNode = FALSE
	EndGlobalSection
	GlobalSection(ExtensibilityGlobals) = postSolution
		SolutionGuid = {A23AA74E-D546-48E2-BC94-0DA110819D8A}
	EndGlobalSection
EndGlobal
